
Microsoft Visual Studio Solution File, Format Version 12.00
# Visual Studio Version 17
VisualStudioVersion = 17.9.34728.123
MinimumVisualStudioVersion = 10.0.40219.1
Project("{FAE04EC0-301F-11D3-BF4B-00C04F79EFBC}") = "Api", "Api\Api.csproj", "{0EA6BDE1-8643-485F-93D2-8DBD0A39A138}"
EndProject
Project("{FAE04EC0-301F-11D3-BF4B-00C04F79EFBC}") = "Services", "Services\Services.csproj", "{17C461BF-ED31-4C3F-B318-C25D36095136}"
EndProject
Global
	GlobalSection(SolutionConfigurationPlatforms) = preSolution
		Debug|Any CPU = Debug|Any CPU
		Release|Any CPU = Release|Any CPU
	EndGlobalSection
	GlobalSection(ProjectConfigurationPlatforms) = postSolution
		{0EA6BDE1-8643-485F-93D2-8DBD0A39A138}.Debug|Any CPU.ActiveCfg = Debug|Any CPU
		{0EA6BDE1-8643-485F-93D2-8DBD0A39A138}.Debug|Any CPU.Build.0 = Debug|Any CPU
		{0EA6BDE1-8643-485F-93D2-8DBD0A39A138}.Release|Any CPU.ActiveCfg = Release|Any CPU
		{0EA6BDE1-8643-485F-93D2-8DBD0A39A138}.Release|Any CPU.Build.0 = Release|Any CPU
		{17C461BF-ED31-4C3F-B318-C25D36095136}.Debug|Any CPU.ActiveCfg = Debug|Any CPU
		{17C461BF-ED31-4C3F-B318-C25D36095136}.Debug|Any CPU.Build.0 = Debug|Any CPU
		{17C461BF-ED31-4C3F-B318-C25D36095136}.Release|Any CPU.ActiveCfg = Release|Any CPU
		{17C461BF-ED31-4C3F-B318-C25D36095136}.Release|Any CPU.Build.0 = Release|Any CPU
	EndGlobalSection
	GlobalSection(SolutionProperties) = preSolution
		HideSolutionNode = FALSE
	EndGlobalSection
	GlobalSection(ExtensibilityGlobals) = postSolution
		SolutionGuid = {A1CCAD0B-40D9-4B65-8074-40A4812EB8B5}
	EndGlobalSection
EndGlobal
